dependencies:
  espressif/esp_audio_codec:
    component_hash: 61820034357c5d423a5cf5d2419153ade8a7037783d95fa3df0d2257908e7e1d
    dependencies:
    - name: idf
      require: private
      version: '>=4.4'
    source:
      registry_url: https://components.espressif.com/
      type: service
    version: 2.4.0
  espressif/esp_codec_dev:
    component_hash: 420a8a931f8bdfc74ae89c4d2ce634823d10e1865b1e9bdb8428bfe4a1060def
    dependencies:
    - name: idf
      require: private
      version: '>=4.0'
    source:
      registry_url: https://components.espressif.com/
      type: service
    version: 1.3.6
  espressif/esp_muxer:
    component_hash: 7de5d869121f8decaf4dd1dcaf0d7ffa9be0e9bd58be55dcf544eac4958a61ef
    dependencies: []
    source:
      registry_url: https://components.espressif.com/
      type: service
    version: 1.2.3
  espressif/qrcode:
    component_hash: 31e70991ce22f28d73a4386417fc9c0993f61e1aab1832474fd9e3db8da9dcbd
    dependencies: []
    source:
      registry_url: https://components.espressif.com/
      type: service
    version: 0.2.0
  idf:
    source:
      type: idf
    version: 5.5.2
direct_dependencies:
- espressif/esp_audio_codec
- espressif/esp_codec_dev
- espressif/esp_muxer
- espressif/qrcode
manifest_hash: 50d8a53f00e89a6a63170bd75b3bdc43cbfd18c40d60240ee9de82e86d190161
target: esp32s3
version: 2.0.0
